
Microsoft Visual Studio Solution File, Format Version 12.00
# Visual Studio Version 16
VisualStudioVersion = 16.0.30104.148
MinimumVisualStudioVersion = 10.0.40219.1
Project("{888888A0-9F3D-457C-B088-3A5042F75D52}") = "роя_частиц", "lasthope2\роя_частиц.pyproj", "{B8A8BCEA-19D7-4E37-A1E5-09A8E86D1EA0}"
EndProject
Global
	GlobalSection(SolutionConfigurationPlatforms) = preSolution
		Debug|Any CPU = Debug|Any CPU
		Release|Any CPU = Release|Any CPU
	EndGlobalSection
	GlobalSection(ProjectConfigurationPlatforms) = postSolution
		{B8A8BCEA-19D7-4E37-A1E5-09A8E86D1EA0}.Debug|Any CPU.ActiveCfg = Debug|Any CPU
		{B8A8BCEA-19D7-4E37-A1E5-09A8E86D1EA0}.Release|Any CPU.ActiveCfg = Release|Any CPU
	EndGlobalSection
	GlobalSection(SolutionProperties) = preSolution
		HideSolutionNode = FALSE
	EndGlobalSection
	GlobalSection(ExtensibilityGlobals) = postSolution
		SolutionGuid = {54095402-34BE-4374-839D-C6183E6DE2A7}
	EndGlobalSection
EndGlobal
